
Microsoft Visual Studio Solution File, Format Version 12.00
# Visual Studio Version 16
VisualStudioVersion = 16.0.29806.167
MinimumVisualStudioVersion = 10.0.40219.1
Project("{FAE04EC0-301F-11D3-BF4B-00C04F79EFBC}") = "ConfigSolution", "ConfigSolution\ConfigSolution.csproj", "{58DB00AC-682B-4417-B901-FD0C71D362F4}"
EndProject
Project("{FAE04EC0-301F-11D3-BF4B-00C04F79EFBC}") = "ConfigSolutionTest2", "ConfigSolutionTest2\ConfigSolutionTest2.csproj", "{0711C35B-33FB-4E04-87E3-9E7DE5DC86B5}"
EndProject
Project("{FAE04EC0-301F-11D3-BF4B-00C04F79EFBC}") = "DrawingArxiveService", "DrawingArxiveService\DrawingArxiveService.csproj", "{61543702-3383-44A3-9D59-9135E9DA47B8}"
EndProject
Project("{FAE04EC0-301F-11D3-BF4B-00C04F79EFBC}") = "RepositoryServer", "RepositoryServer\RepositoryServer.csproj", "{128BC9CA-EBB4-4D27-88A7-520DFA218DCF}"
EndProject
Project("{FAE04EC0-301F-11D3-BF4B-00C04F79EFBC}") = "ConsoleHostServise", "ConsoleHostServise\ConsoleHostServise.csproj", "{91925F6C-D7F6-4797-B845-3DBCE4603195}"
EndProject
Project("{FAE04EC0-301F-11D3-BF4B-00C04F79EFBC}") = "ClientDrawingArxiveWpf", "ClientDrawingArxiveWpf\ClientDrawingArxiveWpf.csproj", "{54F5A676-355D-4E8A-8FAC-E3D198278A30}"
EndProject
Global
	GlobalSection(SolutionConfigurationPlatforms) = preSolution
		Debug|Any CPU = Debug|Any CPU
		Release|Any CPU = Release|Any CPU
	EndGlobalSection
	GlobalSection(ProjectConfigurationPlatforms) = postSolution
		{58DB00AC-682B-4417-B901-FD0C71D362F4}.Debug|Any CPU.ActiveCfg = Debug|Any CPU
		{58DB00AC-682B-4417-B901-FD0C71D362F4}.Debug|Any CPU.Build.0 = Debug|Any CPU
		{58DB00AC-682B-4417-B901-FD0C71D362F4}.Release|Any CPU.ActiveCfg = Release|Any CPU
		{58DB00AC-682B-4417-B901-FD0C71D362F4}.Release|Any CPU.Build.0 = Release|Any CPU
		{0711C35B-33FB-4E04-87E3-9E7DE5DC86B5}.Debug|Any CPU.ActiveCfg = Debug|Any CPU
		{0711C35B-33FB-4E04-87E3-9E7DE5DC86B5}.Debug|Any CPU.Build.0 = Debug|Any CPU
		{0711C35B-33FB-4E04-87E3-9E7DE5DC86B5}.Release|Any CPU.ActiveCfg = Release|Any CPU
		{0711C35B-33FB-4E04-87E3-9E7DE5DC86B5}.Release|Any CPU.Build.0 = Release|Any CPU
		{61543702-3383-44A3-9D59-9135E9DA47B8}.Debug|Any CPU.ActiveCfg = Debug|Any CPU
		{61543702-3383-44A3-9D59-9135E9DA47B8}.Debug|Any CPU.Build.0 = Debug|Any CPU
		{61543702-3383-44A3-9D59-9135E9DA47B8}.Release|Any CPU.ActiveCfg = Release|Any CPU
		{61543702-3383-44A3-9D59-9135E9DA47B8}.Release|Any CPU.Build.0 = Release|Any CPU
		{128BC9CA-EBB4-4D27-88A7-520DFA218DCF}.Debug|Any CPU.ActiveCfg = Debug|Any CPU
		{128BC9CA-EBB4-4D27-88A7-520DFA218DCF}.Debug|Any CPU.Build.0 = Debug|Any CPU
		{128BC9CA-EBB4-4D27-88A7-520DFA218DCF}.Release|Any CPU.ActiveCfg = Release|Any CPU
		{128BC9CA-EBB4-4D27-88A7-520DFA218DCF}.Release|Any CPU.Build.0 = Release|Any CPU
		{91925F6C-D7F6-4797-B845-3DBCE4603195}.Debug|Any CPU.ActiveCfg = Debug|Any CPU
		{91925F6C-D7F6-4797-B845-3DBCE4603195}.Debug|Any CPU.Build.0 = Debug|Any CPU
		{91925F6C-D7F6-4797-B845-3DBCE4603195}.Release|Any CPU.ActiveCfg = Release|Any CPU
		{91925F6C-D7F6-4797-B845-3DBCE4603195}.Release|Any CPU.Build.0 = Release|Any CPU
		{54F5A676-355D-4E8A-8FAC-E3D198278A30}.Debug|Any CPU.ActiveCfg = Debug|Any CPU
		{54F5A676-355D-4E8A-8FAC-E3D198278A30}.Debug|Any CPU.Build.0 = Debug|Any CPU
		{54F5A676-355D-4E8A-8FAC-E3D198278A30}.Release|Any CPU.ActiveCfg = Release|Any CPU
		{54F5A676-355D-4E8A-8FAC-E3D198278A30}.Release|Any CPU.Build.0 = Release|Any CPU
	EndGlobalSection
	GlobalSection(SolutionProperties) = preSolution
		HideSolutionNode = FALSE
	EndGlobalSection
	GlobalSection(ExtensibilityGlobals) = postSolution
		SolutionGuid = {E79A04FD-825D-411A-8A52-9277F6765869}
	EndGlobalSection
EndGlobal
